
Microsoft Visual Studio Solution File, Format Version 12.00
# Visual Studio Version 17
VisualStudioVersion = 17.9.34622.214
MinimumVisualStudioVersion = 10.0.40219.1
Project("{FAE04EC0-301F-11D3-BF4B-00C04F79EFBC}") = "CapaPresentacion", "CapaPresentacion.csproj", "{9FA16FE6-F7A5-4B44-8DE2-83EBC9644037}"
EndProject
Project("{FAE04EC0-301F-11D3-BF4B-00C04F79EFBC}") = "CapaEntidad", "..\CapaEntidad\CapaEntidad.csproj", "{83FD3644-AA39-4BF8-B37E-CC4ACDDCA7D9}"
EndProject
Project("{FAE04EC0-301F-11D3-BF4B-00C04F79EFBC}") = "CapaNegocio", "..\CapaNegocio\CapaNegocio.csproj", "{A380166A-1FA5-42EA-AC4B-501FA7D71B20}"
EndProject
Project("{FAE04EC0-301F-11D3-BF4B-00C04F79EFBC}") = "CapaDatos", "..\CapaDatos\CapaDatos.csproj", "{EAF7A25F-B44E-4B94-816E-BE641575EE41}"
EndProject
Global
	GlobalSection(SolutionConfigurationPlatforms) = preSolution
		Debug|Any CPU = Debug|Any CPU
		Release|Any CPU = Release|Any CPU
	EndGlobalSection
	GlobalSection(ProjectConfigurationPlatforms) = postSolution
		{9FA16FE6-F7A5-4B44-8DE2-83EBC9644037}.Debug|Any CPU.ActiveCfg = Debug|Any CPU
		{9FA16FE6-F7A5-4B44-8DE2-83EBC9644037}.Debug|Any CPU.Build.0 = Debug|Any CPU
		{9FA16FE6-F7A5-4B44-8DE2-83EBC9644037}.Release|Any CPU.ActiveCfg = Release|Any CPU
		{9FA16FE6-F7A5-4B44-8DE2-83EBC9644037}.Release|Any CPU.Build.0 = Release|Any CPU
		{83FD3644-AA39-4BF8-B37E-CC4ACDDCA7D9}.Debug|Any CPU.ActiveCfg = Debug|Any CPU
		{83FD3644-AA39-4BF8-B37E-CC4ACDDCA7D9}.Debug|Any CPU.Build.0 = Debug|Any CPU
		{83FD3644-AA39-4BF8-B37E-CC4ACDDCA7D9}.Release|Any CPU.ActiveCfg = Release|Any CPU
		{83FD3644-AA39-4BF8-B37E-CC4ACDDCA7D9}.Release|Any CPU.Build.0 = Release|Any CPU
		{A380166A-1FA5-42EA-AC4B-501FA7D71B20}.Debug|Any CPU.ActiveCfg = Debug|Any CPU
		{A380166A-1FA5-42EA-AC4B-501FA7D71B20}.Debug|Any CPU.Build.0 = Debug|Any CPU
		{A380166A-1FA5-42EA-AC4B-501FA7D71B20}.Release|Any CPU.ActiveCfg = Release|Any CPU
		{A380166A-1FA5-42EA-AC4B-501FA7D71B20}.Release|Any CPU.Build.0 = Release|Any CPU
		{EAF7A25F-B44E-4B94-816E-BE641575EE41}.Debug|Any CPU.ActiveCfg = Debug|Any CPU
		{EAF7A25F-B44E-4B94-816E-BE641575EE41}.Debug|Any CPU.Build.0 = Debug|Any CPU
		{EAF7A25F-B44E-4B94-816E-BE641575EE41}.Release|Any CPU.ActiveCfg = Release|Any CPU
		{EAF7A25F-B44E-4B94-816E-BE641575EE41}.Release|Any CPU.Build.0 = Release|Any CPU
	EndGlobalSection
	GlobalSection(SolutionProperties) = preSolution
		HideSolutionNode = FALSE
	EndGlobalSection
	GlobalSection(ExtensibilityGlobals) = postSolution
		SolutionGuid = {B75AAA2D-0059-4558-86A4-1BD5497F39DE}
	EndGlobalSection
EndGlobal
