
Microsoft Visual Studio Solution File, Format Version 12.00
# Visual Studio Version 17
VisualStudioVersion = 17.9.34622.214
MinimumVisualStudioVersion = 10.0.40219.1
Project("{FAE04EC0-301F-11D3-BF4B-00C04F79EFBC}") = "ejercicio 01", "ejercicio 01.csproj", "{7DFC44E7-BEFF-4CAB-807F-2EB3786ED058}"
EndProject
Global
	GlobalSection(SolutionConfigurationPlatforms) = preSolution
		Debug|Any CPU = Debug|Any CPU
		Release|Any CPU = Release|Any CPU
	EndGlobalSection
	GlobalSection(ProjectConfigurationPlatforms) = postSolution
		{7DFC44E7-BEFF-4CAB-807F-2EB3786ED058}.Debug|Any CPU.ActiveCfg = Debug|Any CPU
		{7DFC44E7-BEFF-4CAB-807F-2EB3786ED058}.Debug|Any CPU.Build.0 = Debug|Any CPU
		{7DFC44E7-BEFF-4CAB-807F-2EB3786ED058}.Release|Any CPU.ActiveCfg = Release|Any CPU
		{7DFC44E7-BEFF-4CAB-807F-2EB3786ED058}.Release|Any CPU.Build.0 = Release|Any CPU
	EndGlobalSection
	GlobalSection(SolutionProperties) = preSolution
		HideSolutionNode = FALSE
	EndGlobalSection
	GlobalSection(ExtensibilityGlobals) = postSolution
		SolutionGuid = {BDFD9D71-0389-45BF-BB39-233A61EB980C}
	EndGlobalSection
EndGlobal
